
Microsoft Visual Studio Solution File, Format Version 12.00
# Visual Studio 15
VisualStudioVersion = 15.0.28307.271
MinimumVisualStudioVersion = 10.0.40219.1
Project("{FAE04EC0-301F-11D3-BF4B-00C04F79EFBC}") = "ExcelTools", "ExcelTools\ExcelTools.csproj", "{6EC27D81-0350-4BB8-A080-1CD1D484B883}"
EndProject
Global
	GlobalSection(SolutionConfigurationPlatforms) = preSolution
		Debug|Any CPU = Debug|Any CPU
		Release|Any CPU = Release|Any CPU
	EndGlobalSection
	GlobalSection(ProjectConfigurationPlatforms) = postSolution
		{6EC27D81-0350-4BB8-A080-1CD1D484B883}.Debug|Any CPU.ActiveCfg = Debug|Any CPU
		{6EC27D81-0350-4BB8-A080-1CD1D484B883}.Debug|Any CPU.Build.0 = Debug|Any CPU
		{6EC27D81-0350-4BB8-A080-1CD1D484B883}.Release|Any CPU.ActiveCfg = Release|Any CPU
		{6EC27D81-0350-4BB8-A080-1CD1D484B883}.Release|Any CPU.Build.0 = Release|Any CPU
	EndGlobalSection
	GlobalSection(SolutionProperties) = preSolution
		HideSolutionNode = FALSE
	EndGlobalSection
	GlobalSection(ExtensibilityGlobals) = postSolution
		SolutionGuid = {097413D6-E711-436B-AD9C-9F05D5881FCC}
	EndGlobalSection
EndGlobal
